
Microsoft Visual Studio Solution File, Format Version 12.00
# Visual Studio Version 17
VisualStudioVersion = 17.13.35818.85 d17.13
MinimumVisualStudioVersion = 10.0.40219.1
Project("{FAE04EC0-301F-11D3-BF4B-00C04F79EFBC}") = "MicroservicioAPI", "MicroservicioAPI\MicroservicioAPI.csproj", "{81929921-3B41-4FC3-A150-A9F2BDC0B681}"
EndProject
Global
	GlobalSection(SolutionConfigurationPlatforms) = preSolution
		Debug|Any CPU = Debug|Any CPU
		Release|Any CPU = Release|Any CPU
	EndGlobalSection
	GlobalSection(ProjectConfigurationPlatforms) = postSolution
		{81929921-3B41-4FC3-A150-A9F2BDC0B681}.Debug|Any CPU.ActiveCfg = Debug|Any CPU
		{81929921-3B41-4FC3-A150-A9F2BDC0B681}.Debug|Any CPU.Build.0 = Debug|Any CPU
		{81929921-3B41-4FC3-A150-A9F2BDC0B681}.Release|Any CPU.ActiveCfg = Release|Any CPU
		{81929921-3B41-4FC3-A150-A9F2BDC0B681}.Release|Any CPU.Build.0 = Release|Any CPU
	EndGlobalSection
	GlobalSection(SolutionProperties) = preSolution
		HideSolutionNode = FALSE
	EndGlobalSection
	GlobalSection(ExtensibilityGlobals) = postSolution
		SolutionGuid = {7C37C71B-794E-4DE0-A49D-BA1DBF3F536D}
	EndGlobalSection
EndGlobal
